
Microsoft Visual Studio Solution File, Format Version 12.00
# Visual Studio Version 17
VisualStudioVersion = 17.2.32602.215
MinimumVisualStudioVersion = 10.0.40219.1
Project("{9A19103F-16F7-4668-BE54-9A1E7A4F7556}") = "TestExponentialInformationLossGNN", "TestExponentialInformationLossGNN\TestExponentialInformationLossGNN.csproj", "{BD67532E-A8B3-4D09-AAD0-E5E39F9D7902}"
EndProject
Project("{9A19103F-16F7-4668-BE54-9A1E7A4F7556}") = "Forntend", "Forntend\Forntend.csproj", "{E14CC5AB-8E5E-4488-BA0B-51463AB77D9B}"
EndProject
Project("{9A19103F-16F7-4668-BE54-9A1E7A4F7556}") = "Controller", "Controller\Controller.csproj", "{B30D994D-48CA-4081-BE27-5782057730D2}"
EndProject
Project("{9A19103F-16F7-4668-BE54-9A1E7A4F7556}") = "Service", "Service\Service.csproj", "{310A7B94-14ED-473D-8497-1E8E51558180}"
EndProject
Project("{9A19103F-16F7-4668-BE54-9A1E7A4F7556}") = "PlottingService", "PlottingService\PlottingService.csproj", "{DF46EF69-1571-44DC-8982-42BE18EFBD79}"
EndProject
Project("{9A19103F-16F7-4668-BE54-9A1E7A4F7556}") = "Models", "Models\Models.csproj", "{CE184835-F081-4CEB-96D4-5E8F9DB76FCC}"
EndProject
Project("{9A19103F-16F7-4668-BE54-9A1E7A4F7556}") = "DependencyInjector", "DependencyInjector\DependencyInjector.csproj", "{687504E7-CDCC-4496-9198-33180191E3FA}"
EndProject
Project("{FAE04EC0-301F-11D3-BF4B-00C04F79EFBC}") = "DataUtility", "DataUtility\DataUtility.csproj", "{D29E37D4-EAC4-4764-B959-F04F6E7105B6}"
EndProject
Global
	GlobalSection(SolutionConfigurationPlatforms) = preSolution
		Debug|Any CPU = Debug|Any CPU
		Release|Any CPU = Release|Any CPU
	EndGlobalSection
	GlobalSection(ProjectConfigurationPlatforms) = postSolution
		{BD67532E-A8B3-4D09-AAD0-E5E39F9D7902}.Debug|Any CPU.ActiveCfg = Debug|Any CPU
		{BD67532E-A8B3-4D09-AAD0-E5E39F9D7902}.Debug|Any CPU.Build.0 = Debug|Any CPU
		{BD67532E-A8B3-4D09-AAD0-E5E39F9D7902}.Release|Any CPU.ActiveCfg = Release|Any CPU
		{BD67532E-A8B3-4D09-AAD0-E5E39F9D7902}.Release|Any CPU.Build.0 = Release|Any CPU
		{E14CC5AB-8E5E-4488-BA0B-51463AB77D9B}.Debug|Any CPU.ActiveCfg = Debug|Any CPU
		{E14CC5AB-8E5E-4488-BA0B-51463AB77D9B}.Debug|Any CPU.Build.0 = Debug|Any CPU
		{E14CC5AB-8E5E-4488-BA0B-51463AB77D9B}.Release|Any CPU.ActiveCfg = Release|Any CPU
		{E14CC5AB-8E5E-4488-BA0B-51463AB77D9B}.Release|Any CPU.Build.0 = Release|Any CPU
		{B30D994D-48CA-4081-BE27-5782057730D2}.Debug|Any CPU.ActiveCfg = Debug|Any CPU
		{B30D994D-48CA-4081-BE27-5782057730D2}.Debug|Any CPU.Build.0 = Debug|Any CPU
		{B30D994D-48CA-4081-BE27-5782057730D2}.Release|Any CPU.ActiveCfg = Release|Any CPU
		{B30D994D-48CA-4081-BE27-5782057730D2}.Release|Any CPU.Build.0 = Release|Any CPU
		{310A7B94-14ED-473D-8497-1E8E51558180}.Debug|Any CPU.ActiveCfg = Debug|Any CPU
		{310A7B94-14ED-473D-8497-1E8E51558180}.Debug|Any CPU.Build.0 = Debug|Any CPU
		{310A7B94-14ED-473D-8497-1E8E51558180}.Release|Any CPU.ActiveCfg = Release|Any CPU
		{310A7B94-14ED-473D-8497-1E8E51558180}.Release|Any CPU.Build.0 = Release|Any CPU
		{DF46EF69-1571-44DC-8982-42BE18EFBD79}.Debug|Any CPU.ActiveCfg = Debug|Any CPU
		{DF46EF69-1571-44DC-8982-42BE18EFBD79}.Debug|Any CPU.Build.0 = Debug|Any CPU
		{DF46EF69-1571-44DC-8982-42BE18EFBD79}.Release|Any CPU.ActiveCfg = Release|Any CPU
		{DF46EF69-1571-44DC-8982-42BE18EFBD79}.Release|Any CPU.Build.0 = Release|Any CPU
		{CE184835-F081-4CEB-96D4-5E8F9DB76FCC}.Debug|Any CPU.ActiveCfg = Debug|Any CPU
		{CE184835-F081-4CEB-96D4-5E8F9DB76FCC}.Debug|Any CPU.Build.0 = Debug|Any CPU
		{CE184835-F081-4CEB-96D4-5E8F9DB76FCC}.Release|Any CPU.ActiveCfg = Release|Any CPU
		{CE184835-F081-4CEB-96D4-5E8F9DB76FCC}.Release|Any CPU.Build.0 = Release|Any CPU
		{687504E7-CDCC-4496-9198-33180191E3FA}.Debug|Any CPU.ActiveCfg = Debug|Any CPU
		{687504E7-CDCC-4496-9198-33180191E3FA}.Debug|Any CPU.Build.0 = Debug|Any CPU
		{687504E7-CDCC-4496-9198-33180191E3FA}.Release|Any CPU.ActiveCfg = Release|Any CPU
		{687504E7-CDCC-4496-9198-33180191E3FA}.Release|Any CPU.Build.0 = Release|Any CPU
		{D29E37D4-EAC4-4764-B959-F04F6E7105B6}.Debug|Any CPU.ActiveCfg = Debug|Any CPU
		{D29E37D4-EAC4-4764-B959-F04F6E7105B6}.Debug|Any CPU.Build.0 = Debug|Any CPU
		{D29E37D4-EAC4-4764-B959-F04F6E7105B6}.Release|Any CPU.ActiveCfg = Release|Any CPU
		{D29E37D4-EAC4-4764-B959-F04F6E7105B6}.Release|Any CPU.Build.0 = Release|Any CPU
	EndGlobalSection
	GlobalSection(SolutionProperties) = preSolution
		HideSolutionNode = FALSE
	EndGlobalSection
	GlobalSection(ExtensibilityGlobals) = postSolution
		SolutionGuid = {9DA7145C-4ABE-42A4-A55B-B06E02A44051}
	EndGlobalSection
EndGlobal
